{
  "name": "netcore",
  "version": "1.0.0",
  "lockfileVersion": 1,
  "requires": true,
  "dependencies": {
    "CSSselect": {
      "version": "0.4.1",
      "resolved": "https://registry.npm.taobao.org/CSSselect/download/CSSselect-0.4.1.tgz",
      "integrity": "sha1-+Kt+H4QYzmPNput713ioXX7EkrI=",
      "requires": {
        "CSSwhat": "0.4",
        "domutils": "1.4"
      }
    },
    "CSSwhat": {
      "version": "0.4.7",
      "resolved": "https://registry.npm.taobao.org/CSSwhat/download/CSSwhat-0.4.7.tgz",
      "integrity": "sha1-hn2g/zn3eGEyQsRM/qg/CqTr35s="
    },
    "boolbase": {
      "version": "1.0.0",
      "resolved": "https://registry.npm.taobao.org/boolbase/download/boolbase-1.0.0.tgz",
      "integrity": "sha1-aN/1++YMUes3cl6p4+0xDcwed24="
    },
    "cheerio": {
      "version": "0.17.0",
      "resolved": "https://registry.npm.taobao.org/cheerio/download/cheerio-0.17.0.tgz",
      "integrity": "sha1-+lrkLMYBIRM9KW0LRtmDIV9yaOo=",
      "requires": {
        "CSSselect": "~0.4.0",
        "dom-serializer": "~0.0.0",
        "entities": "~1.1.1",
        "htmlparser2": "~3.7.2",
        "lodash": "~2.4.1"
      }
    },
    "clipboard": {
      "version": "2.0.4",
      "resolved": "https://registry.npm.taobao.org/clipboard/download/clipboard-2.0.4.tgz",
      "integrity": "sha1-g22v1mzw/qXXHOXVsL9ulYAJES0=",
      "optional": true,
      "requires": {
        "good-listener": "^1.2.2",
        "select": "^1.1.2",
        "tiny-emitter": "^2.0.0"
      }
    },
    "colors": {
      "version": "1.3.3",
      "resolved": "https://registry.npm.taobao.org/colors/download/colors-1.3.3.tgz",
      "integrity": "sha1-OeAF1Uav4B4B+cTKj6UPaGoBIF0="
    },
    "core-util-is": {
      "version": "1.0.2",
      "resolved": "https://registry.npm.taobao.org/core-util-is/download/core-util-is-1.0.2.tgz",
      "integrity": "sha1-tf1UIgqivFq1eqtxQMlAdUUDwac="
    },
    "css-select": {
      "version": "1.2.0",
      "resolved": "https://registry.npm.taobao.org/css-select/download/css-select-1.2.0.tgz",
      "integrity": "sha1-KzoRBTnFNV8c2NMUYj6HCxIeyFg=",
      "requires": {
        "boolbase": "~1.0.0",
        "css-what": "2.1",
        "domutils": "1.5.1",
        "nth-check": "~1.0.1"
      },
      "dependencies": {
        "domutils": {
          "version": "1.5.1",
          "resolved": "https://registry.npm.taobao.org/domutils/download/domutils-1.5.1.tgz",
          "integrity": "sha1-3NhIiib1Y9YQeeSMn3t+Mjc2gs8=",
          "requires": {
            "dom-serializer": "0",
            "domelementtype": "1"
          }
        }
      }
    },
    "css-what": {
      "version": "2.1.2",
      "resolved": "https://registry.npm.taobao.org/css-what/download/css-what-2.1.2.tgz",
      "integrity": "sha1-wIdtnQSAkn19SSDc1yrzWVZJVU0="
    },
    "delegate": {
      "version": "3.2.0",
      "resolved": "https://registry.npm.taobao.org/delegate/download/delegate-3.2.0.tgz",
      "integrity": "sha1-tmtxwxWFIuirV0T3INjKDCr1kWY=",
      "optional": true
    },
    "dom-serializer": {
      "version": "0.0.1",
      "resolved": "https://registry.npm.taobao.org/dom-serializer/download/dom-serializer-0.0.1.tgz",
      "integrity": "sha1-lYmCfx4y0iw3yCmtq9WbMkevjq8=",
      "requires": {
        "domelementtype": "~1.1.1",
        "entities": "~1.1.1"
      },
      "dependencies": {
        "domelementtype": {
          "version": "1.1.3",
          "resolved": "https://registry.npm.taobao.org/domelementtype/download/domelementtype-1.1.3.tgz",
          "integrity": "sha1-vSh3PiZCiBrsUVRJJCmcXNgiGFs="
        }
      }
    },
    "domelementtype": {
      "version": "1.3.1",
      "resolved": "https://registry.npm.taobao.org/domelementtype/download/domelementtype-1.3.1.tgz",
      "integrity": "sha1-0EjESzew0Qp/Kj1f7j9DM9eQSB8="
    },
    "domhandler": {
      "version": "2.2.1",
      "resolved": "https://registry.npm.taobao.org/domhandler/download/domhandler-2.2.1.tgz",
      "integrity": "sha1-Wd+dzSJ+gIs2Wuc+H2aErD2Ub8I=",
      "requires": {
        "domelementtype": "1"
      }
    },
    "domutils": {
      "version": "1.4.3",
      "resolved": "https://registry.npm.taobao.org/domutils/download/domutils-1.4.3.tgz",
      "integrity": "sha1-CGVRN5bGswYDGFDhdVFrr4C3Km8=",
      "requires": {
        "domelementtype": "1"
      }
    },
    "emojify.js": {
      "version": "1.1.0",
      "resolved": "https://registry.npm.taobao.org/emojify.js/download/emojify.js-1.1.0.tgz",
      "integrity": "sha1-B5//IjMHyQB/VweF6OSTXVw5i+s="
    },
    "entities": {
      "version": "1.1.2",
      "resolved": "https://registry.npm.taobao.org/entities/download/entities-1.1.2.tgz",
      "integrity": "sha1-vfpzUplmTfr9NFKe1PhSKidf6lY="
    },
    "gitbook-plugin-advanced-emoji": {
      "version": "0.2.2",
      "resolved": "https://registry.npm.taobao.org/gitbook-plugin-advanced-emoji/download/gitbook-plugin-advanced-emoji-0.2.2.tgz",
      "integrity": "sha1-CLzGn2KnSc1pIEQ1J2UYyUHDGeM=",
      "requires": {
        "emojify.js": "^1.1.0"
      }
    },
    "gitbook-plugin-anchor-navigation": {
      "version": "0.0.1",
      "resolved": "http://registry.npm.taobao.org/gitbook-plugin-anchor-navigation/download/gitbook-plugin-anchor-navigation-0.0.1.tgz",
      "integrity": "sha1-8skkfzwBOtWYKTGnX071c0jG7Jk=",
      "requires": {
        "cheerio": "*",
        "underscore": "*"
      }
    },
    "gitbook-plugin-anchor-navigation-ex": {
      "version": "1.0.14",
      "resolved": "http://registry.npm.taobao.org/gitbook-plugin-anchor-navigation-ex/download/gitbook-plugin-anchor-navigation-ex-1.0.14.tgz",
      "integrity": "sha1-Gxkz8ApxiOPAMppFBxOFeQQ6Qnc=",
      "requires": {
        "cheerio": "*",
        "colors": "^1.1.2",
        "github-slugid": "1.0.1"
      }
    },
    "gitbook-plugin-anchors": {
      "version": "0.7.1",
      "resolved": "https://registry.npm.taobao.org/gitbook-plugin-anchors/download/gitbook-plugin-anchors-0.7.1.tgz",
      "integrity": "sha1-j1hbmasaYC6nFDQiWMlXI4427II=",
      "requires": {
        "cheerio": "*",
        "github-slugid": "1.0.1"
      }
    },
    "gitbook-plugin-book-summary-scroll-position-saver": {
      "version": "0.0.7",
      "resolved": "https://registry.npm.taobao.org/gitbook-plugin-book-summary-scroll-position-saver/download/gitbook-plugin-book-summary-scroll-position-saver-0.0.7.tgz",
      "integrity": "sha1-cCIiNz31ph7zcwBCbaI5117zd2g="
    },
    "gitbook-plugin-copy-code-button": {
      "version": "0.0.2",
      "resolved": "https://registry.npm.taobao.org/gitbook-plugin-copy-code-button/download/gitbook-plugin-copy-code-button-0.0.2.tgz",
      "integrity": "sha1-Q0UzIAtc9ZbChMFOHYu1d3IIRHU="
    },
    "gitbook-plugin-disqus": {
      "version": "0.1.0",
      "resolved": "https://registry.npm.taobao.org/gitbook-plugin-disqus/download/gitbook-plugin-disqus-0.1.0.tgz",
      "integrity": "sha1-9gNfnEmHz1/JGA4FpkQ1pngpatY="
    },
    "gitbook-plugin-favicon": {
      "version": "0.0.2",
      "resolved": "https://registry.npm.taobao.org/gitbook-plugin-favicon/download/gitbook-plugin-favicon-0.0.2.tgz",
      "integrity": "sha1-s+QWQvFSr8bEU1/ZtjXf4xtMh3I="
    },
    "gitbook-plugin-github": {
      "version": "2.0.0",
      "resolved": "https://registry.npm.taobao.org/gitbook-plugin-github/download/gitbook-plugin-github-2.0.0.tgz",
      "integrity": "sha1-UWbnY8/MQC1DKIC3pshcHFS1ao0="
    },
    "gitbook-plugin-github-buttons": {
      "version": "3.0.0",
      "resolved": "https://registry.npm.taobao.org/gitbook-plugin-github-buttons/download/gitbook-plugin-github-buttons-3.0.0.tgz",
      "integrity": "sha1-ClfJJmUU/gWbgIRSDTuYRCTba+E="
    },
    "gitbook-plugin-katex": {
      "version": "1.1.4",
      "resolved": "https://registry.npm.taobao.org/gitbook-plugin-katex/download/gitbook-plugin-katex-1.1.4.tgz",
      "integrity": "sha1-nTI++t0mw0CFJsXCJ+vbTBEg2aw=",
      "requires": {
        "katex": "0.7.1"
      }
    },
    "gitbook-plugin-multipart": {
      "version": "0.3.0",
      "resolved": "https://registry.npm.taobao.org/gitbook-plugin-multipart/download/gitbook-plugin-multipart-0.3.0.tgz",
      "integrity": "sha1-Y8j8DJG0ndryW1GjTvPPmHXcJXw=",
      "requires": {
        "cheerio": "0.17.0"
      }
    },
    "gitbook-plugin-prism": {
      "version": "2.4.0",
      "resolved": "https://registry.npm.taobao.org/gitbook-plugin-prism/download/gitbook-plugin-prism-2.4.0.tgz",
      "integrity": "sha1-QSjiy/pMjEYQ6O0zAFbCScXOsuk=",
      "requires": {
        "cheerio": "0.22.0",
        "mkdirp": "0.5.1",
        "prismjs": "^1.15.0"
      },
      "dependencies": {
        "cheerio": {
          "version": "0.22.0",
          "resolved": "https://registry.npm.taobao.org/cheerio/download/cheerio-0.22.0.tgz",
          "integrity": "sha1-qbqoYKP5tZWmuBsahocxIe06Jp4=",
          "requires": {
            "css-select": "~1.2.0",
            "dom-serializer": "~0.1.0",
            "entities": "~1.1.1",
            "htmlparser2": "^3.9.1",
            "lodash.assignin": "^4.0.9",
            "lodash.bind": "^4.1.4",
            "lodash.defaults": "^4.0.1",
            "lodash.filter": "^4.4.0",
            "lodash.flatten": "^4.2.0",
            "lodash.foreach": "^4.3.0",
            "lodash.map": "^4.4.0",
            "lodash.merge": "^4.4.0",
            "lodash.pick": "^4.2.1",
            "lodash.reduce": "^4.4.0",
            "lodash.reject": "^4.4.0",
            "lodash.some": "^4.4.0"
          }
        },
        "dom-serializer": {
          "version": "0.1.0",
          "resolved": "https://registry.npm.taobao.org/dom-serializer/download/dom-serializer-0.1.0.tgz",
          "integrity": "sha1-BzxpdUbOB4DOI75KKOKT5AvDDII=",
          "requires": {
            "domelementtype": "~1.1.1",
            "entities": "~1.1.1"
          }
        },
        "domelementtype": {
          "version": "1.1.3",
          "resolved": "https://registry.npm.taobao.org/domelementtype/download/domelementtype-1.1.3.tgz",
          "integrity": "sha1-vSh3PiZCiBrsUVRJJCmcXNgiGFs="
        },
        "domhandler": {
          "version": "2.4.2",
          "resolved": "https://registry.npm.taobao.org/domhandler/download/domhandler-2.4.2.tgz",
          "integrity": "sha1-iAUJfpM9ZehVRvcm1g9euItE+AM=",
          "requires": {
            "domelementtype": "1"
          }
        },
        "domutils": {
          "version": "1.7.0",
          "resolved": "https://registry.npm.taobao.org/domutils/download/domutils-1.7.0.tgz",
          "integrity": "sha1-Vuo0HoNOBuZ0ivehyyXaZ+qfjCo=",
          "requires": {
            "dom-serializer": "0",
            "domelementtype": "1"
          }
        },
        "htmlparser2": {
          "version": "3.10.0",
          "resolved": "https://registry.npm.taobao.org/htmlparser2/download/htmlparser2-3.10.0.tgz",
          "integrity": "sha1-X15CLc9hGcDZg+02Jgzp3tC+5GQ=",
          "requires": {
            "domelementtype": "^1.3.0",
            "domhandler": "^2.3.0",
            "domutils": "^1.5.1",
            "entities": "^1.1.1",
            "inherits": "^2.0.1",
            "readable-stream": "^3.0.6"
          },
          "dependencies": {
            "domelementtype": {
              "version": "1.3.1",
              "resolved": "http://registry.npm.taobao.org/domelementtype/download/domelementtype-1.3.1.tgz",
              "integrity": "sha1-0EjESzew0Qp/Kj1f7j9DM9eQSB8="
            }
          }
        },
        "readable-stream": {
          "version": "3.0.6",
          "resolved": "https://registry.npm.taobao.org/readable-stream/download/readable-stream-3.0.6.tgz",
          "integrity": "sha1-NRMC5MaLWr1qLtVTdqf5olvjBXo=",
          "requires": {
            "inherits": "^2.0.3",
            "string_decoder": "^1.1.1",
            "util-deprecate": "^1.0.1"
          }
        },
        "string_decoder": {
          "version": "1.2.0",
          "resolved": "https://registry.npm.taobao.org/string_decoder/download/string_decoder-1.2.0.tgz",
          "integrity": "sha1-/obnOLGVRK/nBGkkOyoe6SQOro0=",
          "requires": {
            "safe-buffer": "~5.1.0"
          }
        }
      }
    },
    "gitbook-plugin-search-plus": {
      "version": "1.0.3",
      "resolved": "https://registry.npm.taobao.org/gitbook-plugin-search-plus/download/gitbook-plugin-search-plus-1.0.3.tgz",
      "integrity": "sha1-oy7GCZ5WQTkCJMv3XIx34PiuMVw=",
      "requires": {
        "html-entities": "1.2.0"
      }
    },
    "gitbook-plugin-sitemap": {
      "version": "1.2.0",
      "resolved": "https://registry.npm.taobao.org/gitbook-plugin-sitemap/download/gitbook-plugin-sitemap-1.2.0.tgz",
      "integrity": "sha1-hneZN1C5ZYOMkG/nz8CiB8DQbcs=",
      "requires": {
        "sitemap": "1.5.0"
      }
    },
    "gitbook-plugin-splitter": {
      "version": "0.0.8",
      "resolved": "https://registry.npm.taobao.org/gitbook-plugin-splitter/download/gitbook-plugin-splitter-0.0.8.tgz",
      "integrity": "sha1-8rBRMGD8kma0awQYLk7KHUtx+vw="
    },
    "gitbook-plugin-tbfed-pagefooter": {
      "version": "0.0.1",
      "resolved": "https://registry.npm.taobao.org/gitbook-plugin-tbfed-pagefooter/download/gitbook-plugin-tbfed-pagefooter-0.0.1.tgz",
      "integrity": "sha1-Fu54QGLdhQQmTEd+h2X8ScQb7T0=",
      "requires": {
        "moment": "^2.10.6"
      }
    },
    "gitbook-plugin-toggle-chapters": {
      "version": "0.0.3",
      "resolved": "https://registry.npm.taobao.org/gitbook-plugin-toggle-chapters/download/gitbook-plugin-toggle-chapters-0.0.3.tgz",
      "integrity": "sha1-bl9aphubLiIcOAzfbpKDIAFez7k="
    },
    "github-slugid": {
      "version": "1.0.1",
      "resolved": "https://registry.npm.taobao.org/github-slugid/download/github-slugid-1.0.1.tgz",
      "integrity": "sha1-vM3QgVv61p2KNZ+k/WWUfWBuw8A="
    },
    "good-listener": {
      "version": "1.2.2",
      "resolved": "https://registry.npm.taobao.org/good-listener/download/good-listener-1.2.2.tgz",
      "integrity": "sha1-1TswzfkxPf+33JoNR3CWqm0UXFA=",
      "optional": true,
      "requires": {
        "delegate": "^3.1.2"
      }
    },
    "html-entities": {
      "version": "1.2.0",
      "resolved": "https://registry.npm.taobao.org/html-entities/download/html-entities-1.2.0.tgz",
      "integrity": "sha1-QZSMr4XOgv7Tbk5qDtNxpmZDeeI="
    },
    "htmlparser2": {
      "version": "3.7.3",
      "resolved": "https://registry.npm.taobao.org/htmlparser2/download/htmlparser2-3.7.3.tgz",
      "integrity": "sha1-amTHdjfAjG8w7CqBV6UzM758sF4=",
      "requires": {
        "domelementtype": "1",
        "domhandler": "2.2",
        "domutils": "1.5",
        "entities": "1.0",
        "readable-stream": "1.1"
      },
      "dependencies": {
        "domutils": {
          "version": "1.5.1",
          "resolved": "https://registry.npm.taobao.org/domutils/download/domutils-1.5.1.tgz",
          "integrity": "sha1-3NhIiib1Y9YQeeSMn3t+Mjc2gs8=",
          "requires": {
            "dom-serializer": "0",
            "domelementtype": "1"
          }
        },
        "entities": {
          "version": "1.0.0",
          "resolved": "https://registry.npm.taobao.org/entities/download/entities-1.0.0.tgz",
          "integrity": "sha1-sph6o4ITR/zeZCsk/fyeT7cSvyY="
        }
      }
    },
    "inherits": {
      "version": "2.0.3",
      "resolved": "https://registry.npm.taobao.org/inherits/download/inherits-2.0.3.tgz",
      "integrity": "sha1-Yzwsg+PaQqUC9SRmAiSA9CCCYd4="
    },
    "isarray": {
      "version": "0.0.1",
      "resolved": "https://registry.npm.taobao.org/isarray/download/isarray-0.0.1.tgz",
      "integrity": "sha1-ihis/Kmo9Bd+Cav8YDiTmwXR7t8="
    },
    "katex": {
      "version": "0.7.1",
      "resolved": "https://registry.npm.taobao.org/katex/download/katex-0.7.1.tgz",
      "integrity": "sha1-BrtSmO+tBeHnIoA1uo4VkfMGG48=",
      "requires": {
        "match-at": "^0.1.0"
      }
    },
    "lodash": {
      "version": "2.4.2",
      "resolved": "https://registry.npm.taobao.org/lodash/download/lodash-2.4.2.tgz",
      "integrity": "sha1-+t2DS5aDBz2hebPq5tnA0VBT9z4="
    },
    "lodash.assignin": {
      "version": "4.2.0",
      "resolved": "https://registry.npm.taobao.org/lodash.assignin/download/lodash.assignin-4.2.0.tgz",
      "integrity": "sha1-uo31+4QesKPoBEIysOJjqNxqKKI="
    },
    "lodash.bind": {
      "version": "4.2.1",
      "resolved": "https://registry.npm.taobao.org/lodash.bind/download/lodash.bind-4.2.1.tgz",
      "integrity": "sha1-euMBfpOWIqwxt9fX3LGzTbFpDTU="
    },
    "lodash.defaults": {
      "version": "4.2.0",
      "resolved": "https://registry.npm.taobao.org/lodash.defaults/download/lodash.defaults-4.2.0.tgz",
      "integrity": "sha1-0JF4cW/+pN3p5ft7N/bwgCJ0WAw="
    },
    "lodash.filter": {
      "version": "4.6.0",
      "resolved": "https://registry.npm.taobao.org/lodash.filter/download/lodash.filter-4.6.0.tgz",
      "integrity": "sha1-ZosdSYFgOuHMWm+nYBQ+SAtMSs4="
    },
    "lodash.flatten": {
      "version": "4.4.0",
      "resolved": "https://registry.npm.taobao.org/lodash.flatten/download/lodash.flatten-4.4.0.tgz",
      "integrity": "sha1-8xwiIlqWMtK7+OSt2+8kCqdlph8="
    },
    "lodash.foreach": {
      "version": "4.5.0",
      "resolved": "https://registry.npm.taobao.org/lodash.foreach/download/lodash.foreach-4.5.0.tgz",
      "integrity": "sha1-Gmo16s5AEoDH8G3d7DUWWrJ+PlM="
    },
    "lodash.map": {
      "version": "4.6.0",
      "resolved": "https://registry.npm.taobao.org/lodash.map/download/lodash.map-4.6.0.tgz",
      "integrity": "sha1-dx7Hg540c9nEzeKLGTlMNWL09tM="
    },
    "lodash.merge": {
      "version": "4.6.1",
      "resolved": "https://registry.npm.taobao.org/lodash.merge/download/lodash.merge-4.6.1.tgz",
      "integrity": "sha1-rcJdnLmbk5HFliTzefu6YNcRHVQ="
    },
    "lodash.pick": {
      "version": "4.4.0",
      "resolved": "https://registry.npm.taobao.org/lodash.pick/download/lodash.pick-4.4.0.tgz",
      "integrity": "sha1-UvBWEP/53tQiYRRB7R/BI6AwAbM="
    },
    "lodash.reduce": {
      "version": "4.6.0",
      "resolved": "https://registry.npm.taobao.org/lodash.reduce/download/lodash.reduce-4.6.0.tgz",
      "integrity": "sha1-8atrg5KZrUj3hKu/R2WW8DuRTTs="
    },
    "lodash.reject": {
      "version": "4.6.0",
      "resolved": "https://registry.npm.taobao.org/lodash.reject/download/lodash.reject-4.6.0.tgz",
      "integrity": "sha1-gNZJLcFHCGS79YNTO2UfQqn1JBU="
    },
    "lodash.some": {
      "version": "4.6.0",
      "resolved": "https://registry.npm.taobao.org/lodash.some/download/lodash.some-4.6.0.tgz",
      "integrity": "sha1-G7nzFO9ri63tE7VJFpsqlF62jk0="
    },
    "match-at": {
      "version": "0.1.1",
      "resolved": "https://registry.npm.taobao.org/match-at/download/match-at-0.1.1.tgz",
      "integrity": "sha1-JdBA0pF3dwTV5lVru3kjDsLeBUA="
    },
    "minimist": {
      "version": "0.0.8",
      "resolved": "https://registry.npm.taobao.org/minimist/download/minimist-0.0.8.tgz",
      "integrity": "sha1-hX/Kv8M5fSYluCKCYuhqp6ARsF0="
    },
    "mkdirp": {
      "version": "0.5.1",
      "resolved": "https://registry.npm.taobao.org/mkdirp/download/mkdirp-0.5.1.tgz",
      "integrity": "sha1-MAV0OOrGz3+MR2fzhkjWaX11yQM=",
      "requires": {
        "minimist": "0.0.8"
      }
    },
    "moment": {
      "version": "2.22.2",
      "resolved": "https://registry.npm.taobao.org/moment/download/moment-2.22.2.tgz",
      "integrity": "sha1-PCV/mDn8DpP/UxSWMiOeuQeD/2Y="
    },
    "nth-check": {
      "version": "1.0.2",
      "resolved": "https://registry.npm.taobao.org/nth-check/download/nth-check-1.0.2.tgz",
      "integrity": "sha1-sr0pXDfj3VijvwcAN2Zjuk2c8Fw=",
      "requires": {
        "boolbase": "~1.0.0"
      }
    },
    "prismjs": {
      "version": "1.15.0",
      "resolved": "https://registry.npm.taobao.org/prismjs/download/prismjs-1.15.0.tgz",
      "integrity": "sha1-iAHTMuRyCRuo3vlJdsiHetYDmNk=",
      "requires": {
        "clipboard": "^2.0.0"
      }
    },
    "readable-stream": {
      "version": "1.1.14",
      "resolved": "https://registry.npm.taobao.org/readable-stream/download/readable-stream-1.1.14.tgz",
      "integrity": "sha1-fPTFTvZI44EwhMY23SB54WbAgdk=",
      "requires": {
        "core-util-is": "~1.0.0",
        "inherits": "~2.0.1",
        "isarray": "0.0.1",
        "string_decoder": "~0.10.x"
      }
    },
    "safe-buffer": {
      "version": "5.1.2",
      "resolved": "https://registry.npm.taobao.org/safe-buffer/download/safe-buffer-5.1.2.tgz",
      "integrity": "sha1-mR7GnSluAxN0fVm9/St0XDX4go0="
    },
    "select": {
      "version": "1.1.2",
      "resolved": "https://registry.npm.taobao.org/select/download/select-1.1.2.tgz",
      "integrity": "sha1-DnNQrN7ICxEIUoeG7B1EGNEbOW0=",
      "optional": true
    },
    "sitemap": {
      "version": "1.5.0",
      "resolved": "https://registry.npm.taobao.org/sitemap/download/sitemap-1.5.0.tgz",
      "integrity": "sha1-RbPoib96XbDvvyxMb8sVbKh+EgE=",
      "requires": {
        "underscore": "^1.7.0",
        "url-join": "^0.0.1"
      }
    },
    "string_decoder": {
      "version": "0.10.31",
      "resolved": "https://registry.npm.taobao.org/string_decoder/download/string_decoder-0.10.31.tgz",
      "integrity": "sha1-YuIDvEF2bGwoyfyEMB2rHFMQ+pQ="
    },
    "tiny-emitter": {
      "version": "2.0.2",
      "resolved": "https://registry.npm.taobao.org/tiny-emitter/download/tiny-emitter-2.0.2.tgz",
      "integrity": "sha1-gtJ0aKylrejl/R5tIrV91D69+3w=",
      "optional": true
    },
    "underscore": {
      "version": "1.9.1",
      "resolved": "https://registry.npm.taobao.org/underscore/download/underscore-1.9.1.tgz",
      "integrity": "sha1-BtzjSg5op7q8KbNluOdLiSUgOWE="
    },
    "url-join": {
      "version": "0.0.1",
      "resolved": "https://registry.npm.taobao.org/url-join/download/url-join-0.0.1.tgz",
      "integrity": "sha1-HbSK1CLTQCRpqH99l73r/k+x48g="
    },
    "util-deprecate": {
      "version": "1.0.2",
      "resolved": "https://registry.npm.taobao.org/util-deprecate/download/util-deprecate-1.0.2.tgz",
      "integrity": "sha1-RQ1Nyfpw3nMnYvvS1KKJgUGaDM8="
    }
  }
}
